
Microsoft Visual Studio Solution File, Format Version 11.00
# Visual Studio 2010
Project("{FAE04EC0-301F-11D3-BF4B-00C04F79EFBC}") = "AreaOfCircle", "AreaOfCircle\AreaOfCircle.csproj", "{A37FCE68-B031-469F-9227-93D713E6B6B4}"
EndProject
Global
	GlobalSection(SolutionConfigurationPlatforms) = preSolution
		Debug|x86 = Debug|x86
		Release|x86 = Release|x86
	EndGlobalSection
	GlobalSection(ProjectConfigurationPlatforms) = postSolution
		{A37FCE68-B031-469F-9227-93D713E6B6B4}.Debug|x86.ActiveCfg = Debug|x86
		{A37FCE68-B031-469F-9227-93D713E6B6B4}.Debug|x86.Build.0 = Debug|x86
		{A37FCE68-B031-469F-9227-93D713E6B6B4}.Release|x86.ActiveCfg = Release|x86
		{A37FCE68-B031-469F-9227-93D713E6B6B4}.Release|x86.Build.0 = Release|x86
	EndGlobalSection
	GlobalSection(SolutionProperties) = preSolution
		HideSolutionNode = FALSE
	EndGlobalSection
EndGlobal
