
Microsoft Visual Studio Solution File, Format Version 11.00
# Visual Studio 2010
Project("{FAE04EC0-301F-11D3-BF4B-00C04F79EFBC}") = "ShowListNumber", "ShowListNumber\ShowListNumber.csproj", "{582ECCD0-2438-4862-9872-451D70F92654}"
EndProject
Global
	GlobalSection(SolutionConfigurationPlatforms) = preSolution
		Debug|x86 = Debug|x86
		Release|x86 = Release|x86
	EndGlobalSection
	GlobalSection(ProjectConfigurationPlatforms) = postSolution
		{582ECCD0-2438-4862-9872-451D70F92654}.Debug|x86.ActiveCfg = Debug|x86
		{582ECCD0-2438-4862-9872-451D70F92654}.Debug|x86.Build.0 = Debug|x86
		{582ECCD0-2438-4862-9872-451D70F92654}.Release|x86.ActiveCfg = Release|x86
		{582ECCD0-2438-4862-9872-451D70F92654}.Release|x86.Build.0 = Release|x86
	EndGlobalSection
	GlobalSection(SolutionProperties) = preSolution
		HideSolutionNode = FALSE
	EndGlobalSection
EndGlobal
