
Microsoft Visual Studio Solution File, Format Version 11.00
# Visual Studio 2010
Project("{FAE04EC0-301F-11D3-BF4B-00C04F79EFBC}") = "BonusCalculator", "BonusCalculator\BonusCalculator.csproj", "{D5A3C490-7CD9-48AB-ADCE-8E2B915AB1E7}"
EndProject
Global
	GlobalSection(SolutionConfigurationPlatforms) = preSolution
		Debug|x86 = Debug|x86
		Release|x86 = Release|x86
	EndGlobalSection
	GlobalSection(ProjectConfigurationPlatforms) = postSolution
		{D5A3C490-7CD9-48AB-ADCE-8E2B915AB1E7}.Debug|x86.ActiveCfg = Debug|x86
		{D5A3C490-7CD9-48AB-ADCE-8E2B915AB1E7}.Debug|x86.Build.0 = Debug|x86
		{D5A3C490-7CD9-48AB-ADCE-8E2B915AB1E7}.Release|x86.ActiveCfg = Release|x86
		{D5A3C490-7CD9-48AB-ADCE-8E2B915AB1E7}.Release|x86.Build.0 = Release|x86
	EndGlobalSection
	GlobalSection(SolutionProperties) = preSolution
		HideSolutionNode = FALSE
	EndGlobalSection
EndGlobal
